
Microsoft Visual Studio Solution File, Format Version 12.00
# Visual Studio 15
VisualStudioVersion = 15.0.28307.1500
MinimumVisualStudioVersion = 10.0.40219.1
Project("{FAE04EC0-301F-11D3-BF4B-00C04F79EFBC}") = "FED1StudioProject", "FED1StudioProject\FED1StudioProject.csproj", "{73C809A8-7802-4484-8595-59ADBB94F48D}"
EndProject
Global
	GlobalSection(SolutionConfigurationPlatforms) = preSolution
		Debug|Any CPU = Debug|Any CPU
		Release|Any CPU = Release|Any CPU
	EndGlobalSection
	GlobalSection(ProjectConfigurationPlatforms) = postSolution
		{73C809A8-7802-4484-8595-59ADBB94F48D}.Debug|Any CPU.ActiveCfg = Debug|Any CPU
		{73C809A8-7802-4484-8595-59ADBB94F48D}.Debug|Any CPU.Build.0 = Debug|Any CPU
		{73C809A8-7802-4484-8595-59ADBB94F48D}.Release|Any CPU.ActiveCfg = Release|Any CPU
		{73C809A8-7802-4484-8595-59ADBB94F48D}.Release|Any CPU.Build.0 = Release|Any CPU
	EndGlobalSection
	GlobalSection(SolutionProperties) = preSolution
		HideSolutionNode = FALSE
	EndGlobalSection
	GlobalSection(ExtensibilityGlobals) = postSolution
		SolutionGuid = {77FE4C16-A709-402B-B243-101E4D8CAF04}
	EndGlobalSection
EndGlobal
